
Microsoft Visual Studio Solution File, Format Version 12.00
# Visual Studio Version 17
VisualStudioVersion = 17.7.34009.444
MinimumVisualStudioVersion = 10.0.40219.1
Project("{FAE04EC0-301F-11D3-BF4B-00C04F79EFBC}") = "WebAPICrud", "WebAPICrud.csproj", "{B59D7284-BED0-4045-8312-43F5F1112971}"
EndProject
Global
	GlobalSection(SolutionConfigurationPlatforms) = preSolution
		Debug|Any CPU = Debug|Any CPU
		Release|Any CPU = Release|Any CPU
	EndGlobalSection
	GlobalSection(ProjectConfigurationPlatforms) = postSolution
		{B59D7284-BED0-4045-8312-43F5F1112971}.Debug|Any CPU.ActiveCfg = Debug|Any CPU
		{B59D7284-BED0-4045-8312-43F5F1112971}.Debug|Any CPU.Build.0 = Debug|Any CPU
		{B59D7284-BED0-4045-8312-43F5F1112971}.Release|Any CPU.ActiveCfg = Release|Any CPU
		{B59D7284-BED0-4045-8312-43F5F1112971}.Release|Any CPU.Build.0 = Release|Any CPU
	EndGlobalSection
	GlobalSection(SolutionProperties) = preSolution
		HideSolutionNode = FALSE
	EndGlobalSection
	GlobalSection(ExtensibilityGlobals) = postSolution
		SolutionGuid = {E69B17CF-637D-4312-B7AC-754F42C4C274}
	EndGlobalSection
EndGlobal
